{
    "_readme": [
        "This file locks the dependencies of your project to a known state",
        "Read more about it at https://getcomposer.org/doc/01-basic-usage.md#installing-dependencies",
        "This file is @generated automatically"
    ],
    "content-hash": "2602a63075f82d11c1dbcb62a89c4695",
    "packages": [
        {
            "name": "tilokowalski/delight",
            "version": "1.3.1",
            "source": {
                "type": "git",
                "url": "https://github.com/kowalski2108/delight.git",
                "reference": "9ce688bd0206d2199942f88894b2e36695610b5c"
            },
            "dist": {
                "type": "zip",
                "url": "https://api.github.com/repos/kowalski2108/delight/zipball/9ce688bd0206d2199942f88894b2e36695610b5c",
                "reference": "9ce688bd0206d2199942f88894b2e36695610b5c",
                "shasum": ""
            },
            "type": "library",
            "autoload": {
                "psr-4": {
                    "Delight\\": "src/"
                }
            },
            "notification-url": "https://packagist.org/downloads/",
            "license": [
                "Apache-2.0"
            ],
            "authors": [
                {
                    "name": "Tilo Kowalski",
                    "email": "privat@tilokowalski.de"
                }
            ],
            "description": "Web Toolkit",
            "support": {
                "issues": "https://github.com/kowalski2108/delight/issues",
                "source": "https://github.com/kowalski2108/delight/tree/1.3.1"
            },
            "time": "2023-01-09T17:49:17+00:00"
        }
    ],
    "packages-dev": [],
    "aliases": [],
    "minimum-stability": "stable",
    "stability-flags": [],
    "prefer-stable": false,
    "prefer-lowest": false,
    "platform": [],
    "platform-dev": [],
    "plugin-api-version": "2.3.0"
}
