{
    "_readme": [
        "This file locks the dependencies of your project to a known state",
        "Read more about it at https://getcomposer.org/doc/01-basic-usage.md#installing-dependencies",
        "This file is @generated automatically"
    ],
    "content-hash": "5ba7b73d94aea6e213c3673501690c3d",
    "packages": [
        {
            "name": "tilokowalski/delight",
            "version": "v1.2.1",
            "source": {
                "type": "git",
                "url": "https://github.com/kowalski2108/delight.git",
                "reference": "1c3898e5a6ffb5cbe47845d94bb07f3cf13fde20"
            },
            "dist": {
                "type": "zip",
                "url": "https://api.github.com/repos/kowalski2108/delight/zipball/1c3898e5a6ffb5cbe47845d94bb07f3cf13fde20",
                "reference": "1c3898e5a6ffb5cbe47845d94bb07f3cf13fde20",
                "shasum": ""
            },
            "type": "library",
            "autoload": {
                "classmap": [
                    "src/"
                ]
            },
            "notification-url": "https://packagist.org/downloads/",
            "license": [
                "Apache-2.0"
            ],
            "authors": [
                {
                    "name": "Tilo Kowalski",
                    "email": "privat@tilokowalski.de"
                }
            ],
            "description": "Web Toolkit",
            "support": {
                "issues": "https://github.com/kowalski2108/delight/issues",
                "source": "https://github.com/kowalski2108/delight/tree/v1.2.1"
            },
            "time": "2022-11-24T12:11:14+00:00"
        }
    ],
    "packages-dev": [],
    "aliases": [],
    "minimum-stability": "stable",
    "stability-flags": [],
    "prefer-stable": false,
    "prefer-lowest": false,
    "platform": [],
    "platform-dev": [],
    "plugin-api-version": "2.3.0"
}
